
Microsoft Visual Studio Solution File, Format Version 12.00
# Visual Studio 15
VisualStudioVersion = 15.0.26430.6
MinimumVisualStudioVersion = 10.0.40219.1
Project("{FAE04EC0-301F-11D3-BF4B-00C04F79EFBC}") = "QREG.Android", "QREG\QREG.Android\QREG.Android.csproj", "{BC3C73D5-8A2A-43FB-8AF8-BD15962BE335}"
EndProject
Project("{FAE04EC0-301F-11D3-BF4B-00C04F79EFBC}") = "QREG", "QREG\QREG\QREG.csproj", "{71BC365F-E833-4A5C-9B25-B75A4898679C}"
EndProject
Project("{FAE04EC0-301F-11D3-BF4B-00C04F79EFBC}") = "QREG.UWP", "QREG\QREG.UWP\QREG.UWP.csproj", "{15FEA2AE-A9C4-4F3A-A2A5-F0F4E34E0A59}"
EndProject
Project("{FAE04EC0-301F-11D3-BF4B-00C04F79EFBC}") = "QREG.iOS", "QREG\QREG.iOS\QREG.iOS.csproj", "{81A51577-47B0-4B12-A4AD-0E4CB055DC3D}"
EndProject
Global
	GlobalSection(SolutionConfigurationPlatforms) = preSolution
		Ad-Hoc|Any CPU = Ad-Hoc|Any CPU
		Ad-Hoc|ARM = Ad-Hoc|ARM
		Ad-Hoc|iPhone = Ad-Hoc|iPhone
		Ad-Hoc|iPhoneSimulator = Ad-Hoc|iPhoneSimulator
		Ad-Hoc|x64 = Ad-Hoc|x64
		Ad-Hoc|x86 = Ad-Hoc|x86
		AppStore|Any CPU = AppStore|Any CPU
		AppStore|ARM = AppStore|ARM
		AppStore|iPhone = AppStore|iPhone
		AppStore|iPhoneSimulator = AppStore|iPhoneSimulator
		AppStore|x64 = AppStore|x64
		AppStore|x86 = AppStore|x86
		Debug|Any CPU = Debug|Any CPU
		Debug|ARM = Debug|ARM
		Debug|iPhone = Debug|iPhone
		Debug|iPhoneSimulator = Debug|iPhoneSimulator
		Debug|x64 = Debug|x64
		Debug|x86 = Debug|x86
		Release|Any CPU = Release|Any CPU
		Release|ARM = Release|ARM
		Release|iPhone = Release|iPhone
		Release|iPhoneSimulator = Release|iPhoneSimulator
		Release|x64 = Release|x64
		Release|x86 = Release|x86
	EndGlobalSection
	GlobalSection(ProjectConfigurationPlatforms) = postSolution
		{BC3C73D5-8A2A-43FB-8AF8-BD15962BE335}.Ad-Hoc|Any CPU.ActiveCfg = Release|Any CPU
		{BC3C73D5-8A2A-43FB-8AF8-BD15962BE335}.Ad-Hoc|Any CPU.Build.0 = Release|Any CPU
		{BC3C73D5-8A2A-43FB-8AF8-BD15962BE335}.Ad-Hoc|Any CPU.Deploy.0 = Release|Any CPU
		{BC3C73D5-8A2A-43FB-8AF8-BD15962BE335}.Ad-Hoc|ARM.ActiveCfg = Release|Any CPU
		{BC3C73D5-8A2A-43FB-8AF8-BD15962BE335}.Ad-Hoc|ARM.Build.0 = Release|Any CPU
		{BC3C73D5-8A2A-43FB-8AF8-BD15962BE335}.Ad-Hoc|ARM.Deploy.0 = Release|Any CPU
		{BC3C73D5-8A2A-43FB-8AF8-BD15962BE335}.Ad-Hoc|iPhone.ActiveCfg = Release|Any CPU
		{BC3C73D5-8A2A-43FB-8AF8-BD15962BE335}.Ad-Hoc|iPhone.Build.0 = Release|Any CPU
		{BC3C73D5-8A2A-43FB-8AF8-BD15962BE335}.Ad-Hoc|iPhone.Deploy.0 = Release|Any CPU
		{BC3C73D5-8A2A-43FB-8AF8-BD15962BE335}.Ad-Hoc|iPhoneSimulator.ActiveCfg = Release|Any CPU
		{BC3C73D5-8A2A-43FB-8AF8-BD15962BE335}.Ad-Hoc|iPhoneSimulator.Build.0 = Release|Any CPU
		{BC3C73D5-8A2A-43FB-8AF8-BD15962BE335}.Ad-Hoc|iPhoneSimulator.Deploy.0 = Release|Any CPU
		{BC3C73D5-8A2A-43FB-8AF8-BD15962BE335}.Ad-Hoc|x64.ActiveCfg = Release|Any CPU
		{BC3C73D5-8A2A-43FB-8AF8-BD15962BE335}.Ad-Hoc|x64.Build.0 = Release|Any CPU
		{BC3C73D5-8A2A-43FB-8AF8-BD15962BE335}.Ad-Hoc|x64.Deploy.0 = Release|Any CPU
		{BC3C73D5-8A2A-43FB-8AF8-BD15962BE335}.Ad-Hoc|x86.ActiveCfg = Release|Any CPU
		{BC3C73D5-8A2A-43FB-8AF8-BD15962BE335}.Ad-Hoc|x86.Build.0 = Release|Any CPU
		{BC3C73D5-8A2A-43FB-8AF8-BD15962BE335}.Ad-Hoc|x86.Deploy.0 = Release|Any CPU
		{BC3C73D5-8A2A-43FB-8AF8-BD15962BE335}.AppStore|Any CPU.ActiveCfg = Release|Any CPU
		{BC3C73D5-8A2A-43FB-8AF8-BD15962BE335}.AppStore|Any CPU.Build.0 = Release|Any CPU
		{BC3C73D5-8A2A-43FB-8AF8-BD15962BE335}.AppStore|Any CPU.Deploy.0 = Release|Any CPU
		{BC3C73D5-8A2A-43FB-8AF8-BD15962BE335}.AppStore|ARM.ActiveCfg = Release|Any CPU
		{BC3C73D5-8A2A-43FB-8AF8-BD15962BE335}.AppStore|ARM.Build.0 = Release|Any CPU
		{BC3C73D5-8A2A-43FB-8AF8-BD15962BE335}.AppStore|ARM.Deploy.0 = Release|Any CPU
		{BC3C73D5-8A2A-43FB-8AF8-BD15962BE335}.AppStore|iPhone.ActiveCfg = Release|Any CPU
		{BC3C73D5-8A2A-43FB-8AF8-BD15962BE335}.AppStore|iPhone.Build.0 = Release|Any CPU
		{BC3C73D5-8A2A-43FB-8AF8-BD15962BE335}.AppStore|iPhone.Deploy.0 = Release|Any CPU
		{BC3C73D5-8A2A-43FB-8AF8-BD15962BE335}.AppStore|iPhoneSimulator.ActiveCfg = Release|Any CPU
		{BC3C73D5-8A2A-43FB-8AF8-BD15962BE335}.AppStore|iPhoneSimulator.Build.0 = Release|Any CPU
		{BC3C73D5-8A2A-43FB-8AF8-BD15962BE335}.AppStore|iPhoneSimulator.Deploy.0 = Release|Any CPU
		{BC3C73D5-8A2A-43FB-8AF8-BD15962BE335}.AppStore|x64.ActiveCfg = Release|Any CPU
		{BC3C73D5-8A2A-43FB-8AF8-BD15962BE335}.AppStore|x64.Build.0 = Release|Any CPU
		{BC3C73D5-8A2A-43FB-8AF8-BD15962BE335}.AppStore|x64.Deploy.0 = Release|Any CPU
		{BC3C73D5-8A2A-43FB-8AF8-BD15962BE335}.AppStore|x86.ActiveCfg = Release|Any CPU
		{BC3C73D5-8A2A-43FB-8AF8-BD15962BE335}.AppStore|x86.Build.0 = Release|Any CPU
		{BC3C73D5-8A2A-43FB-8AF8-BD15962BE335}.AppStore|x86.Deploy.0 = Release|Any CPU
		{BC3C73D5-8A2A-43FB-8AF8-BD15962BE335}.Debug|Any CPU.ActiveCfg = Debug|Any CPU
		{BC3C73D5-8A2A-43FB-8AF8-BD15962BE335}.Debug|Any CPU.Build.0 = Debug|Any CPU
		{BC3C73D5-8A2A-43FB-8AF8-BD15962BE335}.Debug|Any CPU.Deploy.0 = Debug|Any CPU
		{BC3C73D5-8A2A-43FB-8AF8-BD15962BE335}.Debug|ARM.ActiveCfg = Debug|Any CPU
		{BC3C73D5-8A2A-43FB-8AF8-BD15962BE335}.Debug|ARM.Build.0 = Debug|Any CPU
		{BC3C73D5-8A2A-43FB-8AF8-BD15962BE335}.Debug|ARM.Deploy.0 = Debug|Any CPU
		{BC3C73D5-8A2A-43FB-8AF8-BD15962BE335}.Debug|iPhone.ActiveCfg = Debug|Any CPU
		{BC3C73D5-8A2A-43FB-8AF8-BD15962BE335}.Debug|iPhone.Build.0 = Debug|Any CPU
		{BC3C73D5-8A2A-43FB-8AF8-BD15962BE335}.Debug|iPhone.Deploy.0 = Debug|Any CPU
		{BC3C73D5-8A2A-43FB-8AF8-BD15962BE335}.Debug|iPhoneSimulator.ActiveCfg = Debug|Any CPU
		{BC3C73D5-8A2A-43FB-8AF8-BD15962BE335}.Debug|iPhoneSimulator.Build.0 = Debug|Any CPU
		{BC3C73D5-8A2A-43FB-8AF8-BD15962BE335}.Debug|iPhoneSimulator.Deploy.0 = Debug|Any CPU
		{BC3C73D5-8A2A-43FB-8AF8-BD15962BE335}.Debug|x64.ActiveCfg = Debug|Any CPU
		{BC3C73D5-8A2A-43FB-8AF8-BD15962BE335}.Debug|x64.Build.0 = Debug|Any CPU
		{BC3C73D5-8A2A-43FB-8AF8-BD15962BE335}.Debug|x64.Deploy.0 = Debug|Any CPU
		{BC3C73D5-8A2A-43FB-8AF8-BD15962BE335}.Debug|x86.ActiveCfg = Debug|Any CPU
		{BC3C73D5-8A2A-43FB-8AF8-BD15962BE335}.Debug|x86.Build.0 = Debug|Any CPU
		{BC3C73D5-8A2A-43FB-8AF8-BD15962BE335}.Debug|x86.Deploy.0 = Debug|Any CPU
		{BC3C73D5-8A2A-43FB-8AF8-BD15962BE335}.Release|Any CPU.ActiveCfg = Release|Any CPU
		{BC3C73D5-8A2A-43FB-8AF8-BD15962BE335}.Release|Any CPU.Build.0 = Release|Any CPU
		{BC3C73D5-8A2A-43FB-8AF8-BD15962BE335}.Release|Any CPU.Deploy.0 = Release|Any CPU
		{BC3C73D5-8A2A-43FB-8AF8-BD15962BE335}.Release|ARM.ActiveCfg = Release|Any CPU
		{BC3C73D5-8A2A-43FB-8AF8-BD15962BE335}.Release|ARM.Build.0 = Release|Any CPU
		{BC3C73D5-8A2A-43FB-8AF8-BD15962BE335}.Release|ARM.Deploy.0 = Release|Any CPU
		{BC3C73D5-8A2A-43FB-8AF8-BD15962BE335}.Release|iPhone.ActiveCfg = Release|Any CPU
		{BC3C73D5-8A2A-43FB-8AF8-BD15962BE335}.Release|iPhone.Build.0 = Release|Any CPU
		{BC3C73D5-8A2A-43FB-8AF8-BD15962BE335}.Release|iPhone.Deploy.0 = Release|Any CPU
		{BC3C73D5-8A2A-43FB-8AF8-BD15962BE335}.Release|iPhoneSimulator.ActiveCfg = Release|Any CPU
		{BC3C73D5-8A2A-43FB-8AF8-BD15962BE335}.Release|iPhoneSimulator.Build.0 = Release|Any CPU
		{BC3C73D5-8A2A-43FB-8AF8-BD15962BE335}.Release|iPhoneSimulator.Deploy.0 = Release|Any CPU
		{BC3C73D5-8A2A-43FB-8AF8-BD15962BE335}.Release|x64.ActiveCfg = Release|Any CPU
		{BC3C73D5-8A2A-43FB-8AF8-BD15962BE335}.Release|x64.Build.0 = Release|Any CPU
		{BC3C73D5-8A2A-43FB-8AF8-BD15962BE335}.Release|x64.Deploy.0 = Release|Any CPU
		{BC3C73D5-8A2A-43FB-8AF8-BD15962BE335}.Release|x86.ActiveCfg = Release|Any CPU
		{BC3C73D5-8A2A-43FB-8AF8-BD15962BE335}.Release|x86.Build.0 = Release|Any CPU
		{BC3C73D5-8A2A-43FB-8AF8-BD15962BE335}.Release|x86.Deploy.0 = Release|Any CPU
		{71BC365F-E833-4A5C-9B25-B75A4898679C}.Ad-Hoc|Any CPU.ActiveCfg = Release|Any CPU
		{71BC365F-E833-4A5C-9B25-B75A4898679C}.Ad-Hoc|Any CPU.Build.0 = Release|Any CPU
		{71BC365F-E833-4A5C-9B25-B75A4898679C}.Ad-Hoc|ARM.ActiveCfg = Release|Any CPU
		{71BC365F-E833-4A5C-9B25-B75A4898679C}.Ad-Hoc|ARM.Build.0 = Release|Any CPU
		{71BC365F-E833-4A5C-9B25-B75A4898679C}.Ad-Hoc|iPhone.ActiveCfg = Release|Any CPU
		{71BC365F-E833-4A5C-9B25-B75A4898679C}.Ad-Hoc|iPhone.Build.0 = Release|Any CPU
		{71BC365F-E833-4A5C-9B25-B75A4898679C}.Ad-Hoc|iPhoneSimulator.ActiveCfg = Release|Any CPU
		{71BC365F-E833-4A5C-9B25-B75A4898679C}.Ad-Hoc|iPhoneSimulator.Build.0 = Release|Any CPU
		{71BC365F-E833-4A5C-9B25-B75A4898679C}.Ad-Hoc|x64.ActiveCfg = Release|Any CPU
		{71BC365F-E833-4A5C-9B25-B75A4898679C}.Ad-Hoc|x64.Build.0 = Release|Any CPU
		{71BC365F-E833-4A5C-9B25-B75A4898679C}.Ad-Hoc|x86.ActiveCfg = Release|Any CPU
		{71BC365F-E833-4A5C-9B25-B75A4898679C}.Ad-Hoc|x86.Build.0 = Release|Any CPU
		{71BC365F-E833-4A5C-9B25-B75A4898679C}.AppStore|Any CPU.ActiveCfg = Release|Any CPU
		{71BC365F-E833-4A5C-9B25-B75A4898679C}.AppStore|Any CPU.Build.0 = Release|Any CPU
		{71BC365F-E833-4A5C-9B25-B75A4898679C}.AppStore|ARM.ActiveCfg = Release|Any CPU
		{71BC365F-E833-4A5C-9B25-B75A4898679C}.AppStore|ARM.Build.0 = Release|Any CPU
		{71BC365F-E833-4A5C-9B25-B75A4898679C}.AppStore|iPhone.ActiveCfg = Release|Any CPU
		{71BC365F-E833-4A5C-9B25-B75A4898679C}.AppStore|iPhone.Build.0 = Release|Any CPU
		{71BC365F-E833-4A5C-9B25-B75A4898679C}.AppStore|iPhoneSimulator.ActiveCfg = Release|Any CPU
		{71BC365F-E833-4A5C-9B25-B75A4898679C}.AppStore|iPhoneSimulator.Build.0 = Release|Any CPU
		{71BC365F-E833-4A5C-9B25-B75A4898679C}.AppStore|x64.ActiveCfg = Release|Any CPU
		{71BC365F-E833-4A5C-9B25-B75A4898679C}.AppStore|x64.Build.0 = Release|Any CPU
		{71BC365F-E833-4A5C-9B25-B75A4898679C}.AppStore|x86.ActiveCfg = Release|Any CPU
		{71BC365F-E833-4A5C-9B25-B75A4898679C}.AppStore|x86.Build.0 = Release|Any CPU
		{71BC365F-E833-4A5C-9B25-B75A4898679C}.Debug|Any CPU.ActiveCfg = Debug|Any CPU
		{71BC365F-E833-4A5C-9B25-B75A4898679C}.Debug|Any CPU.Build.0 = Debug|Any CPU
		{71BC365F-E833-4A5C-9B25-B75A4898679C}.Debug|ARM.ActiveCfg = Debug|Any CPU
		{71BC365F-E833-4A5C-9B25-B75A4898679C}.Debug|ARM.Build.0 = Debug|Any CPU
		{71BC365F-E833-4A5C-9B25-B75A4898679C}.Debug|iPhone.ActiveCfg = Debug|Any CPU
		{71BC365F-E833-4A5C-9B25-B75A4898679C}.Debug|iPhone.Build.0 = Debug|Any CPU
		{71BC365F-E833-4A5C-9B25-B75A4898679C}.Debug|iPhoneSimulator.ActiveCfg = Debug|Any CPU
		{71BC365F-E833-4A5C-9B25-B75A4898679C}.Debug|iPhoneSimulator.Build.0 = Debug|Any CPU
		{71BC365F-E833-4A5C-9B25-B75A4898679C}.Debug|x64.ActiveCfg = Debug|Any CPU
		{71BC365F-E833-4A5C-9B25-B75A4898679C}.Debug|x64.Build.0 = Debug|Any CPU
		{71BC365F-E833-4A5C-9B25-B75A4898679C}.Debug|x86.ActiveCfg = Debug|Any CPU
		{71BC365F-E833-4A5C-9B25-B75A4898679C}.Debug|x86.Build.0 = Debug|Any CPU
		{71BC365F-E833-4A5C-9B25-B75A4898679C}.Release|Any CPU.ActiveCfg = Release|Any CPU
		{71BC365F-E833-4A5C-9B25-B75A4898679C}.Release|Any CPU.Build.0 = Release|Any CPU
		{71BC365F-E833-4A5C-9B25-B75A4898679C}.Release|ARM.ActiveCfg = Release|Any CPU
		{71BC365F-E833-4A5C-9B25-B75A4898679C}.Release|ARM.Build.0 = Release|Any CPU
		{71BC365F-E833-4A5C-9B25-B75A4898679C}.Release|iPhone.ActiveCfg = Release|Any CPU
		{71BC365F-E833-4A5C-9B25-B75A4898679C}.Release|iPhone.Build.0 = Release|Any CPU
		{71BC365F-E833-4A5C-9B25-B75A4898679C}.Release|iPhoneSimulator.ActiveCfg = Release|Any CPU
		{71BC365F-E833-4A5C-9B25-B75A4898679C}.Release|iPhoneSimulator.Build.0 = Release|Any CPU
		{71BC365F-E833-4A5C-9B25-B75A4898679C}.Release|x64.ActiveCfg = Release|Any CPU
		{71BC365F-E833-4A5C-9B25-B75A4898679C}.Release|x64.Build.0 = Release|Any CPU
		{71BC365F-E833-4A5C-9B25-B75A4898679C}.Release|x86.ActiveCfg = Release|Any CPU
		{71BC365F-E833-4A5C-9B25-B75A4898679C}.Release|x86.Build.0 = Release|Any CPU
		{15FEA2AE-A9C4-4F3A-A2A5-F0F4E34E0A59}.Ad-Hoc|Any CPU.ActiveCfg = Release|x86
		{15FEA2AE-A9C4-4F3A-A2A5-F0F4E34E0A59}.Ad-Hoc|Any CPU.Build.0 = Release|x86
		{15FEA2AE-A9C4-4F3A-A2A5-F0F4E34E0A59}.Ad-Hoc|Any CPU.Deploy.0 = Release|x86
		{15FEA2AE-A9C4-4F3A-A2A5-F0F4E34E0A59}.Ad-Hoc|ARM.ActiveCfg = Release|ARM
		{15FEA2AE-A9C4-4F3A-A2A5-F0F4E34E0A59}.Ad-Hoc|ARM.Build.0 = Release|ARM
		{15FEA2AE-A9C4-4F3A-A2A5-F0F4E34E0A59}.Ad-Hoc|ARM.Deploy.0 = Release|ARM
		{15FEA2AE-A9C4-4F3A-A2A5-F0F4E34E0A59}.Ad-Hoc|iPhone.ActiveCfg = Release|x86
		{15FEA2AE-A9C4-4F3A-A2A5-F0F4E34E0A59}.Ad-Hoc|iPhone.Build.0 = Release|x86
		{15FEA2AE-A9C4-4F3A-A2A5-F0F4E34E0A59}.Ad-Hoc|iPhone.Deploy.0 = Release|x86
		{15FEA2AE-A9C4-4F3A-A2A5-F0F4E34E0A59}.Ad-Hoc|iPhoneSimulator.ActiveCfg = Release|x86
		{15FEA2AE-A9C4-4F3A-A2A5-F0F4E34E0A59}.Ad-Hoc|iPhoneSimulator.Build.0 = Release|x86
		{15FEA2AE-A9C4-4F3A-A2A5-F0F4E34E0A59}.Ad-Hoc|iPhoneSimulator.Deploy.0 = Release|x86
		{15FEA2AE-A9C4-4F3A-A2A5-F0F4E34E0A59}.Ad-Hoc|x64.ActiveCfg = Release|x64
		{15FEA2AE-A9C4-4F3A-A2A5-F0F4E34E0A59}.Ad-Hoc|x64.Build.0 = Release|x64
		{15FEA2AE-A9C4-4F3A-A2A5-F0F4E34E0A59}.Ad-Hoc|x64.Deploy.0 = Release|x64
		{15FEA2AE-A9C4-4F3A-A2A5-F0F4E34E0A59}.Ad-Hoc|x86.ActiveCfg = Release|x86
		{15FEA2AE-A9C4-4F3A-A2A5-F0F4E34E0A59}.Ad-Hoc|x86.Build.0 = Release|x86
		{15FEA2AE-A9C4-4F3A-A2A5-F0F4E34E0A59}.Ad-Hoc|x86.Deploy.0 = Release|x86
		{15FEA2AE-A9C4-4F3A-A2A5-F0F4E34E0A59}.AppStore|Any CPU.ActiveCfg = Release|x86
		{15FEA2AE-A9C4-4F3A-A2A5-F0F4E34E0A59}.AppStore|Any CPU.Build.0 = Release|x86
		{15FEA2AE-A9C4-4F3A-A2A5-F0F4E34E0A59}.AppStore|Any CPU.Deploy.0 = Release|x86
		{15FEA2AE-A9C4-4F3A-A2A5-F0F4E34E0A59}.AppStore|ARM.ActiveCfg = Release|ARM
		{15FEA2AE-A9C4-4F3A-A2A5-F0F4E34E0A59}.AppStore|ARM.Build.0 = Release|ARM
		{15FEA2AE-A9C4-4F3A-A2A5-F0F4E34E0A59}.AppStore|ARM.Deploy.0 = Release|ARM
		{15FEA2AE-A9C4-4F3A-A2A5-F0F4E34E0A59}.AppStore|iPhone.ActiveCfg = Release|x86
		{15FEA2AE-A9C4-4F3A-A2A5-F0F4E34E0A59}.AppStore|iPhone.Build.0 = Release|x86
		{15FEA2AE-A9C4-4F3A-A2A5-F0F4E34E0A59}.AppStore|iPhone.Deploy.0 = Release|x86
		{15FEA2AE-A9C4-4F3A-A2A5-F0F4E34E0A59}.AppStore|iPhoneSimulator.ActiveCfg = Release|x86
		{15FEA2AE-A9C4-4F3A-A2A5-F0F4E34E0A59}.AppStore|iPhoneSimulator.Build.0 = Release|x86
		{15FEA2AE-A9C4-4F3A-A2A5-F0F4E34E0A59}.AppStore|iPhoneSimulator.Deploy.0 = Release|x86
		{15FEA2AE-A9C4-4F3A-A2A5-F0F4E34E0A59}.AppStore|x64.ActiveCfg = Release|x64
		{15FEA2AE-A9C4-4F3A-A2A5-F0F4E34E0A59}.AppStore|x64.Build.0 = Release|x64
		{15FEA2AE-A9C4-4F3A-A2A5-F0F4E34E0A59}.AppStore|x64.Deploy.0 = Release|x64
		{15FEA2AE-A9C4-4F3A-A2A5-F0F4E34E0A59}.AppStore|x86.ActiveCfg = Release|x86
		{15FEA2AE-A9C4-4F3A-A2A5-F0F4E34E0A59}.AppStore|x86.Build.0 = Release|x86
		{15FEA2AE-A9C4-4F3A-A2A5-F0F4E34E0A59}.AppStore|x86.Deploy.0 = Release|x86
		{15FEA2AE-A9C4-4F3A-A2A5-F0F4E34E0A59}.Debug|Any CPU.ActiveCfg = Debug|x86
		{15FEA2AE-A9C4-4F3A-A2A5-F0F4E34E0A59}.Debug|ARM.ActiveCfg = Debug|ARM
		{15FEA2AE-A9C4-4F3A-A2A5-F0F4E34E0A59}.Debug|ARM.Build.0 = Debug|ARM
		{15FEA2AE-A9C4-4F3A-A2A5-F0F4E34E0A59}.Debug|ARM.Deploy.0 = Debug|ARM
		{15FEA2AE-A9C4-4F3A-A2A5-F0F4E34E0A59}.Debug|iPhone.ActiveCfg = Debug|x86
		{15FEA2AE-A9C4-4F3A-A2A5-F0F4E34E0A59}.Debug|iPhoneSimulator.ActiveCfg = Debug|x86
		{15FEA2AE-A9C4-4F3A-A2A5-F0F4E34E0A59}.Debug|x64.ActiveCfg = Debug|x64
		{15FEA2AE-A9C4-4F3A-A2A5-F0F4E34E0A59}.Debug|x64.Build.0 = Debug|x64
		{15FEA2AE-A9C4-4F3A-A2A5-F0F4E34E0A59}.Debug|x64.Deploy.0 = Debug|x64
		{15FEA2AE-A9C4-4F3A-A2A5-F0F4E34E0A59}.Debug|x86.ActiveCfg = Debug|x86
		{15FEA2AE-A9C4-4F3A-A2A5-F0F4E34E0A59}.Debug|x86.Build.0 = Debug|x86
		{15FEA2AE-A9C4-4F3A-A2A5-F0F4E34E0A59}.Debug|x86.Deploy.0 = Debug|x86
		{15FEA2AE-A9C4-4F3A-A2A5-F0F4E34E0A59}.Release|Any CPU.ActiveCfg = Release|x86
		{15FEA2AE-A9C4-4F3A-A2A5-F0F4E34E0A59}.Release|ARM.ActiveCfg = Release|ARM
		{15FEA2AE-A9C4-4F3A-A2A5-F0F4E34E0A59}.Release|ARM.Build.0 = Release|ARM
		{15FEA2AE-A9C4-4F3A-A2A5-F0F4E34E0A59}.Release|ARM.Deploy.0 = Release|ARM
		{15FEA2AE-A9C4-4F3A-A2A5-F0F4E34E0A59}.Release|iPhone.ActiveCfg = Release|x86
		{15FEA2AE-A9C4-4F3A-A2A5-F0F4E34E0A59}.Release|iPhoneSimulator.ActiveCfg = Release|x86
		{15FEA2AE-A9C4-4F3A-A2A5-F0F4E34E0A59}.Release|x64.ActiveCfg = Release|x64
		{15FEA2AE-A9C4-4F3A-A2A5-F0F4E34E0A59}.Release|x64.Build.0 = Release|x64
		{15FEA2AE-A9C4-4F3A-A2A5-F0F4E34E0A59}.Release|x64.Deploy.0 = Release|x64
		{15FEA2AE-A9C4-4F3A-A2A5-F0F4E34E0A59}.Release|x86.ActiveCfg = Release|x86
		{15FEA2AE-A9C4-4F3A-A2A5-F0F4E34E0A59}.Release|x86.Build.0 = Release|x86
		{15FEA2AE-A9C4-4F3A-A2A5-F0F4E34E0A59}.Release|x86.Deploy.0 = Release|x86
		{81A51577-47B0-4B12-A4AD-0E4CB055DC3D}.Ad-Hoc|Any CPU.ActiveCfg = Ad-Hoc|iPhone
		{81A51577-47B0-4B12-A4AD-0E4CB055DC3D}.Ad-Hoc|ARM.ActiveCfg = Ad-Hoc|iPhone
		{81A51577-47B0-4B12-A4AD-0E4CB055DC3D}.Ad-Hoc|iPhone.ActiveCfg = Ad-Hoc|iPhone
		{81A51577-47B0-4B12-A4AD-0E4CB055DC3D}.Ad-Hoc|iPhone.Build.0 = Ad-Hoc|iPhone
		{81A51577-47B0-4B12-A4AD-0E4CB055DC3D}.Ad-Hoc|iPhoneSimulator.ActiveCfg = Ad-Hoc|iPhoneSimulator
		{81A51577-47B0-4B12-A4AD-0E4CB055DC3D}.Ad-Hoc|iPhoneSimulator.Build.0 = Ad-Hoc|iPhoneSimulator
		{81A51577-47B0-4B12-A4AD-0E4CB055DC3D}.Ad-Hoc|x64.ActiveCfg = Ad-Hoc|iPhone
		{81A51577-47B0-4B12-A4AD-0E4CB055DC3D}.Ad-Hoc|x86.ActiveCfg = Ad-Hoc|iPhone
		{81A51577-47B0-4B12-A4AD-0E4CB055DC3D}.AppStore|Any CPU.ActiveCfg = AppStore|iPhone
		{81A51577-47B0-4B12-A4AD-0E4CB055DC3D}.AppStore|ARM.ActiveCfg = AppStore|iPhone
		{81A51577-47B0-4B12-A4AD-0E4CB055DC3D}.AppStore|iPhone.ActiveCfg = AppStore|iPhone
		{81A51577-47B0-4B12-A4AD-0E4CB055DC3D}.AppStore|iPhone.Build.0 = AppStore|iPhone
		{81A51577-47B0-4B12-A4AD-0E4CB055DC3D}.AppStore|iPhoneSimulator.ActiveCfg = AppStore|iPhoneSimulator
		{81A51577-47B0-4B12-A4AD-0E4CB055DC3D}.AppStore|iPhoneSimulator.Build.0 = AppStore|iPhoneSimulator
		{81A51577-47B0-4B12-A4AD-0E4CB055DC3D}.AppStore|x64.ActiveCfg = AppStore|iPhone
		{81A51577-47B0-4B12-A4AD-0E4CB055DC3D}.AppStore|x86.ActiveCfg = AppStore|iPhone
		{81A51577-47B0-4B12-A4AD-0E4CB055DC3D}.Debug|Any CPU.ActiveCfg = Debug|iPhone
		{81A51577-47B0-4B12-A4AD-0E4CB055DC3D}.Debug|ARM.ActiveCfg = Debug|iPhone
		{81A51577-47B0-4B12-A4AD-0E4CB055DC3D}.Debug|iPhone.ActiveCfg = Debug|iPhone
		{81A51577-47B0-4B12-A4AD-0E4CB055DC3D}.Debug|iPhone.Build.0 = Debug|iPhone
		{81A51577-47B0-4B12-A4AD-0E4CB055DC3D}.Debug|iPhoneSimulator.ActiveCfg = Debug|iPhoneSimulator
		{81A51577-47B0-4B12-A4AD-0E4CB055DC3D}.Debug|iPhoneSimulator.Build.0 = Debug|iPhoneSimulator
		{81A51577-47B0-4B12-A4AD-0E4CB055DC3D}.Debug|x64.ActiveCfg = Debug|iPhone
		{81A51577-47B0-4B12-A4AD-0E4CB055DC3D}.Debug|x86.ActiveCfg = Debug|iPhone
		{81A51577-47B0-4B12-A4AD-0E4CB055DC3D}.Release|Any CPU.ActiveCfg = Release|iPhone
		{81A51577-47B0-4B12-A4AD-0E4CB055DC3D}.Release|ARM.ActiveCfg = Release|iPhone
		{81A51577-47B0-4B12-A4AD-0E4CB055DC3D}.Release|iPhone.ActiveCfg = Release|iPhone
		{81A51577-47B0-4B12-A4AD-0E4CB055DC3D}.Release|iPhone.Build.0 = Release|iPhone
		{81A51577-47B0-4B12-A4AD-0E4CB055DC3D}.Release|iPhoneSimulator.ActiveCfg = Release|iPhoneSimulator
		{81A51577-47B0-4B12-A4AD-0E4CB055DC3D}.Release|iPhoneSimulator.Build.0 = Release|iPhoneSimulator
		{81A51577-47B0-4B12-A4AD-0E4CB055DC3D}.Release|x64.ActiveCfg = Release|iPhone
		{81A51577-47B0-4B12-A4AD-0E4CB055DC3D}.Release|x86.ActiveCfg = Release|iPhone
	EndGlobalSection
	GlobalSection(SolutionProperties) = preSolution
		HideSolutionNode = FALSE
	EndGlobalSection
EndGlobal
